
Microsoft Visual Studio Solution File, Format Version 12.00
# Visual Studio 14
VisualStudioVersion = 14.0.25420.1
MinimumVisualStudioVersion = 10.0.40219.1
Project("{FAE04EC0-301F-11D3-BF4B-00C04F79EFBC}") = "TestXamarinFormsListViewRefresh", "TestXamarinFormsListViewRefresh\TestXamarinFormsListViewRefresh\TestXamarinFormsListViewRefresh.csproj", "{43390060-76F7-477E-926A-31B01B0693B5}"
EndProject
Project("{FAE04EC0-301F-11D3-BF4B-00C04F79EFBC}") = "TestXamarinFormsListViewRefresh.Droid", "TestXamarinFormsListViewRefresh\TestXamarinFormsListViewRefresh.Droid\TestXamarinFormsListViewRefresh.Droid.csproj", "{B5F46F38-A598-4761-B2E9-F5E9950CF847}"
EndProject
Project("{FAE04EC0-301F-11D3-BF4B-00C04F79EFBC}") = "TestXamarinFormsListViewRefresh.iOS", "TestXamarinFormsListViewRefresh\TestXamarinFormsListViewRefresh.iOS\TestXamarinFormsListViewRefresh.iOS.csproj", "{D6333B5C-F153-4ED8-BC15-B29ABB93306C}"
EndProject
Project("{FAE04EC0-301F-11D3-BF4B-00C04F79EFBC}") = "TestXamarinFormsListViewRefresh.WinPhone", "TestXamarinFormsListViewRefresh\TestXamarinFormsListViewRefresh.WinPhone\TestXamarinFormsListViewRefresh.WinPhone.csproj", "{5D09FDE3-458F-434E-AC95-19A8C6A0387E}"
EndProject
Project("{FAE04EC0-301F-11D3-BF4B-00C04F79EFBC}") = "TestXamarinFormsListViewRefresh.Windows", "TestXamarinFormsListViewRefresh\TestXamarinFormsListViewRefresh.Windows\TestXamarinFormsListViewRefresh.Windows.csproj", "{DDBD24BE-69CF-4360-936A-1C74D84CD8C7}"
EndProject
Global
	GlobalSection(SolutionConfigurationPlatforms) = preSolution
		Ad-Hoc|Any CPU = Ad-Hoc|Any CPU
		Ad-Hoc|ARM = Ad-Hoc|ARM
		Ad-Hoc|iPhone = Ad-Hoc|iPhone
		Ad-Hoc|iPhoneSimulator = Ad-Hoc|iPhoneSimulator
		Ad-Hoc|x64 = Ad-Hoc|x64
		Ad-Hoc|x86 = Ad-Hoc|x86
		AppStore|Any CPU = AppStore|Any CPU
		AppStore|ARM = AppStore|ARM
		AppStore|iPhone = AppStore|iPhone
		AppStore|iPhoneSimulator = AppStore|iPhoneSimulator
		AppStore|x64 = AppStore|x64
		AppStore|x86 = AppStore|x86
		Debug|Any CPU = Debug|Any CPU
		Debug|ARM = Debug|ARM
		Debug|iPhone = Debug|iPhone
		Debug|iPhoneSimulator = Debug|iPhoneSimulator
		Debug|x64 = Debug|x64
		Debug|x86 = Debug|x86
		Release|Any CPU = Release|Any CPU
		Release|ARM = Release|ARM
		Release|iPhone = Release|iPhone
		Release|iPhoneSimulator = Release|iPhoneSimulator
		Release|x64 = Release|x64
		Release|x86 = Release|x86
	EndGlobalSection
	GlobalSection(ProjectConfigurationPlatforms) = postSolution
		{43390060-76F7-477E-926A-31B01B0693B5}.Ad-Hoc|Any CPU.ActiveCfg = Release|Any CPU
		{43390060-76F7-477E-926A-31B01B0693B5}.Ad-Hoc|Any CPU.Build.0 = Release|Any CPU
		{43390060-76F7-477E-926A-31B01B0693B5}.Ad-Hoc|ARM.ActiveCfg = Release|Any CPU
		{43390060-76F7-477E-926A-31B01B0693B5}.Ad-Hoc|ARM.Build.0 = Release|Any CPU
		{43390060-76F7-477E-926A-31B01B0693B5}.Ad-Hoc|iPhone.ActiveCfg = Release|Any CPU
		{43390060-76F7-477E-926A-31B01B0693B5}.Ad-Hoc|iPhone.Build.0 = Release|Any CPU
		{43390060-76F7-477E-926A-31B01B0693B5}.Ad-Hoc|iPhoneSimulator.ActiveCfg = Release|Any CPU
		{43390060-76F7-477E-926A-31B01B0693B5}.Ad-Hoc|iPhoneSimulator.Build.0 = Release|Any CPU
		{43390060-76F7-477E-926A-31B01B0693B5}.Ad-Hoc|x64.ActiveCfg = Release|Any CPU
		{43390060-76F7-477E-926A-31B01B0693B5}.Ad-Hoc|x64.Build.0 = Release|Any CPU
		{43390060-76F7-477E-926A-31B01B0693B5}.Ad-Hoc|x86.ActiveCfg = Release|Any CPU
		{43390060-76F7-477E-926A-31B01B0693B5}.Ad-Hoc|x86.Build.0 = Release|Any CPU
		{43390060-76F7-477E-926A-31B01B0693B5}.AppStore|Any CPU.ActiveCfg = Release|Any CPU
		{43390060-76F7-477E-926A-31B01B0693B5}.AppStore|Any CPU.Build.0 = Release|Any CPU
		{43390060-76F7-477E-926A-31B01B0693B5}.AppStore|ARM.ActiveCfg = Release|Any CPU
		{43390060-76F7-477E-926A-31B01B0693B5}.AppStore|ARM.Build.0 = Release|Any CPU
		{43390060-76F7-477E-926A-31B01B0693B5}.AppStore|iPhone.ActiveCfg = Release|Any CPU
		{43390060-76F7-477E-926A-31B01B0693B5}.AppStore|iPhone.Build.0 = Release|Any CPU
		{43390060-76F7-477E-926A-31B01B0693B5}.AppStore|iPhoneSimulator.ActiveCfg = Release|Any CPU
		{43390060-76F7-477E-926A-31B01B0693B5}.AppStore|iPhoneSimulator.Build.0 = Release|Any CPU
		{43390060-76F7-477E-926A-31B01B0693B5}.AppStore|x64.ActiveCfg = Release|Any CPU
		{43390060-76F7-477E-926A-31B01B0693B5}.AppStore|x64.Build.0 = Release|Any CPU
		{43390060-76F7-477E-926A-31B01B0693B5}.AppStore|x86.ActiveCfg = Release|Any CPU
		{43390060-76F7-477E-926A-31B01B0693B5}.AppStore|x86.Build.0 = Release|Any CPU
		{43390060-76F7-477E-926A-31B01B0693B5}.Debug|Any CPU.ActiveCfg = Debug|Any CPU
		{43390060-76F7-477E-926A-31B01B0693B5}.Debug|Any CPU.Build.0 = Debug|Any CPU
		{43390060-76F7-477E-926A-31B01B0693B5}.Debug|ARM.ActiveCfg = Debug|Any CPU
		{43390060-76F7-477E-926A-31B01B0693B5}.Debug|ARM.Build.0 = Debug|Any CPU
		{43390060-76F7-477E-926A-31B01B0693B5}.Debug|iPhone.ActiveCfg = Debug|Any CPU
		{43390060-76F7-477E-926A-31B01B0693B5}.Debug|iPhone.Build.0 = Debug|Any CPU
		{43390060-76F7-477E-926A-31B01B0693B5}.Debug|iPhoneSimulator.ActiveCfg = Debug|Any CPU
		{43390060-76F7-477E-926A-31B01B0693B5}.Debug|iPhoneSimulator.Build.0 = Debug|Any CPU
		{43390060-76F7-477E-926A-31B01B0693B5}.Debug|x64.ActiveCfg = Debug|Any CPU
		{43390060-76F7-477E-926A-31B01B0693B5}.Debug|x64.Build.0 = Debug|Any CPU
		{43390060-76F7-477E-926A-31B01B0693B5}.Debug|x86.ActiveCfg = Debug|Any CPU
		{43390060-76F7-477E-926A-31B01B0693B5}.Debug|x86.Build.0 = Debug|Any CPU
		{43390060-76F7-477E-926A-31B01B0693B5}.Release|Any CPU.ActiveCfg = Release|Any CPU
		{43390060-76F7-477E-926A-31B01B0693B5}.Release|Any CPU.Build.0 = Release|Any CPU
		{43390060-76F7-477E-926A-31B01B0693B5}.Release|ARM.ActiveCfg = Release|Any CPU
		{43390060-76F7-477E-926A-31B01B0693B5}.Release|ARM.Build.0 = Release|Any CPU
		{43390060-76F7-477E-926A-31B01B0693B5}.Release|iPhone.ActiveCfg = Release|Any CPU
		{43390060-76F7-477E-926A-31B01B0693B5}.Release|iPhone.Build.0 = Release|Any CPU
		{43390060-76F7-477E-926A-31B01B0693B5}.Release|iPhoneSimulator.ActiveCfg = Release|Any CPU
		{43390060-76F7-477E-926A-31B01B0693B5}.Release|iPhoneSimulator.Build.0 = Release|Any CPU
		{43390060-76F7-477E-926A-31B01B0693B5}.Release|x64.ActiveCfg = Release|Any CPU
		{43390060-76F7-477E-926A-31B01B0693B5}.Release|x64.Build.0 = Release|Any CPU
		{43390060-76F7-477E-926A-31B01B0693B5}.Release|x86.ActiveCfg = Release|Any CPU
		{43390060-76F7-477E-926A-31B01B0693B5}.Release|x86.Build.0 = Release|Any CPU
		{B5F46F38-A598-4761-B2E9-F5E9950CF847}.Ad-Hoc|Any CPU.ActiveCfg = Release|Any CPU
		{B5F46F38-A598-4761-B2E9-F5E9950CF847}.Ad-Hoc|Any CPU.Build.0 = Release|Any CPU
		{B5F46F38-A598-4761-B2E9-F5E9950CF847}.Ad-Hoc|Any CPU.Deploy.0 = Release|Any CPU
		{B5F46F38-A598-4761-B2E9-F5E9950CF847}.Ad-Hoc|ARM.ActiveCfg = Release|Any CPU
		{B5F46F38-A598-4761-B2E9-F5E9950CF847}.Ad-Hoc|ARM.Build.0 = Release|Any CPU
		{B5F46F38-A598-4761-B2E9-F5E9950CF847}.Ad-Hoc|ARM.Deploy.0 = Release|Any CPU
		{B5F46F38-A598-4761-B2E9-F5E9950CF847}.Ad-Hoc|iPhone.ActiveCfg = Release|Any CPU
		{B5F46F38-A598-4761-B2E9-F5E9950CF847}.Ad-Hoc|iPhone.Build.0 = Release|Any CPU
		{B5F46F38-A598-4761-B2E9-F5E9950CF847}.Ad-Hoc|iPhone.Deploy.0 = Release|Any CPU
		{B5F46F38-A598-4761-B2E9-F5E9950CF847}.Ad-Hoc|iPhoneSimulator.ActiveCfg = Release|Any CPU
		{B5F46F38-A598-4761-B2E9-F5E9950CF847}.Ad-Hoc|iPhoneSimulator.Build.0 = Release|Any CPU
		{B5F46F38-A598-4761-B2E9-F5E9950CF847}.Ad-Hoc|iPhoneSimulator.Deploy.0 = Release|Any CPU
		{B5F46F38-A598-4761-B2E9-F5E9950CF847}.Ad-Hoc|x64.ActiveCfg = Release|Any CPU
		{B5F46F38-A598-4761-B2E9-F5E9950CF847}.Ad-Hoc|x64.Build.0 = Release|Any CPU
		{B5F46F38-A598-4761-B2E9-F5E9950CF847}.Ad-Hoc|x64.Deploy.0 = Release|Any CPU
		{B5F46F38-A598-4761-B2E9-F5E9950CF847}.Ad-Hoc|x86.ActiveCfg = Release|Any CPU
		{B5F46F38-A598-4761-B2E9-F5E9950CF847}.Ad-Hoc|x86.Build.0 = Release|Any CPU
		{B5F46F38-A598-4761-B2E9-F5E9950CF847}.Ad-Hoc|x86.Deploy.0 = Release|Any CPU
		{B5F46F38-A598-4761-B2E9-F5E9950CF847}.AppStore|Any CPU.ActiveCfg = Release|Any CPU
		{B5F46F38-A598-4761-B2E9-F5E9950CF847}.AppStore|Any CPU.Build.0 = Release|Any CPU
		{B5F46F38-A598-4761-B2E9-F5E9950CF847}.AppStore|Any CPU.Deploy.0 = Release|Any CPU
		{B5F46F38-A598-4761-B2E9-F5E9950CF847}.AppStore|ARM.ActiveCfg = Release|Any CPU
		{B5F46F38-A598-4761-B2E9-F5E9950CF847}.AppStore|ARM.Build.0 = Release|Any CPU
		{B5F46F38-A598-4761-B2E9-F5E9950CF847}.AppStore|ARM.Deploy.0 = Release|Any CPU
		{B5F46F38-A598-4761-B2E9-F5E9950CF847}.AppStore|iPhone.ActiveCfg = Release|Any CPU
		{B5F46F38-A598-4761-B2E9-F5E9950CF847}.AppStore|iPhone.Build.0 = Release|Any CPU
		{B5F46F38-A598-4761-B2E9-F5E9950CF847}.AppStore|iPhone.Deploy.0 = Release|Any CPU
		{B5F46F38-A598-4761-B2E9-F5E9950CF847}.AppStore|iPhoneSimulator.ActiveCfg = Release|Any CPU
		{B5F46F38-A598-4761-B2E9-F5E9950CF847}.AppStore|iPhoneSimulator.Build.0 = Release|Any CPU
		{B5F46F38-A598-4761-B2E9-F5E9950CF847}.AppStore|iPhoneSimulator.Deploy.0 = Release|Any CPU
		{B5F46F38-A598-4761-B2E9-F5E9950CF847}.AppStore|x64.ActiveCfg = Release|Any CPU
		{B5F46F38-A598-4761-B2E9-F5E9950CF847}.AppStore|x64.Build.0 = Release|Any CPU
		{B5F46F38-A598-4761-B2E9-F5E9950CF847}.AppStore|x64.Deploy.0 = Release|Any CPU
		{B5F46F38-A598-4761-B2E9-F5E9950CF847}.AppStore|x86.ActiveCfg = Release|Any CPU
		{B5F46F38-A598-4761-B2E9-F5E9950CF847}.AppStore|x86.Build.0 = Release|Any CPU
		{B5F46F38-A598-4761-B2E9-F5E9950CF847}.AppStore|x86.Deploy.0 = Release|Any CPU
		{B5F46F38-A598-4761-B2E9-F5E9950CF847}.Debug|Any CPU.ActiveCfg = Debug|Any CPU
		{B5F46F38-A598-4761-B2E9-F5E9950CF847}.Debug|Any CPU.Build.0 = Debug|Any CPU
		{B5F46F38-A598-4761-B2E9-F5E9950CF847}.Debug|Any CPU.Deploy.0 = Debug|Any CPU
		{B5F46F38-A598-4761-B2E9-F5E9950CF847}.Debug|ARM.ActiveCfg = Debug|Any CPU
		{B5F46F38-A598-4761-B2E9-F5E9950CF847}.Debug|ARM.Build.0 = Debug|Any CPU
		{B5F46F38-A598-4761-B2E9-F5E9950CF847}.Debug|ARM.Deploy.0 = Debug|Any CPU
		{B5F46F38-A598-4761-B2E9-F5E9950CF847}.Debug|iPhone.ActiveCfg = Debug|Any CPU
		{B5F46F38-A598-4761-B2E9-F5E9950CF847}.Debug|iPhone.Build.0 = Debug|Any CPU
		{B5F46F38-A598-4761-B2E9-F5E9950CF847}.Debug|iPhone.Deploy.0 = Debug|Any CPU
		{B5F46F38-A598-4761-B2E9-F5E9950CF847}.Debug|iPhoneSimulator.ActiveCfg = Debug|Any CPU
		{B5F46F38-A598-4761-B2E9-F5E9950CF847}.Debug|iPhoneSimulator.Build.0 = Debug|Any CPU
		{B5F46F38-A598-4761-B2E9-F5E9950CF847}.Debug|iPhoneSimulator.Deploy.0 = Debug|Any CPU
		{B5F46F38-A598-4761-B2E9-F5E9950CF847}.Debug|x64.ActiveCfg = Debug|Any CPU
		{B5F46F38-A598-4761-B2E9-F5E9950CF847}.Debug|x64.Build.0 = Debug|Any CPU
		{B5F46F38-A598-4761-B2E9-F5E9950CF847}.Debug|x64.Deploy.0 = Debug|Any CPU
		{B5F46F38-A598-4761-B2E9-F5E9950CF847}.Debug|x86.ActiveCfg = Debug|Any CPU
		{B5F46F38-A598-4761-B2E9-F5E9950CF847}.Debug|x86.Build.0 = Debug|Any CPU
		{B5F46F38-A598-4761-B2E9-F5E9950CF847}.Debug|x86.Deploy.0 = Debug|Any CPU
		{B5F46F38-A598-4761-B2E9-F5E9950CF847}.Release|Any CPU.ActiveCfg = Release|Any CPU
		{B5F46F38-A598-4761-B2E9-F5E9950CF847}.Release|Any CPU.Build.0 = Release|Any CPU
		{B5F46F38-A598-4761-B2E9-F5E9950CF847}.Release|Any CPU.Deploy.0 = Release|Any CPU
		{B5F46F38-A598-4761-B2E9-F5E9950CF847}.Release|ARM.ActiveCfg = Release|Any CPU
		{B5F46F38-A598-4761-B2E9-F5E9950CF847}.Release|ARM.Build.0 = Release|Any CPU
		{B5F46F38-A598-4761-B2E9-F5E9950CF847}.Release|ARM.Deploy.0 = Release|Any CPU
		{B5F46F38-A598-4761-B2E9-F5E9950CF847}.Release|iPhone.ActiveCfg = Release|Any CPU
		{B5F46F38-A598-4761-B2E9-F5E9950CF847}.Release|iPhone.Build.0 = Release|Any CPU
		{B5F46F38-A598-4761-B2E9-F5E9950CF847}.Release|iPhone.Deploy.0 = Release|Any CPU
		{B5F46F38-A598-4761-B2E9-F5E9950CF847}.Release|iPhoneSimulator.ActiveCfg = Release|Any CPU
		{B5F46F38-A598-4761-B2E9-F5E9950CF847}.Release|iPhoneSimulator.Build.0 = Release|Any CPU
		{B5F46F38-A598-4761-B2E9-F5E9950CF847}.Release|iPhoneSimulator.Deploy.0 = Release|Any CPU
		{B5F46F38-A598-4761-B2E9-F5E9950CF847}.Release|x64.ActiveCfg = Release|Any CPU
		{B5F46F38-A598-4761-B2E9-F5E9950CF847}.Release|x64.Build.0 = Release|Any CPU
		{B5F46F38-A598-4761-B2E9-F5E9950CF847}.Release|x64.Deploy.0 = Release|Any CPU
		{B5F46F38-A598-4761-B2E9-F5E9950CF847}.Release|x86.ActiveCfg = Release|Any CPU
		{B5F46F38-A598-4761-B2E9-F5E9950CF847}.Release|x86.Build.0 = Release|Any CPU
		{B5F46F38-A598-4761-B2E9-F5E9950CF847}.Release|x86.Deploy.0 = Release|Any CPU
		{D6333B5C-F153-4ED8-BC15-B29ABB93306C}.Ad-Hoc|Any CPU.ActiveCfg = Ad-Hoc|iPhone
		{D6333B5C-F153-4ED8-BC15-B29ABB93306C}.Ad-Hoc|ARM.ActiveCfg = Ad-Hoc|iPhone
		{D6333B5C-F153-4ED8-BC15-B29ABB93306C}.Ad-Hoc|iPhone.ActiveCfg = Ad-Hoc|iPhone
		{D6333B5C-F153-4ED8-BC15-B29ABB93306C}.Ad-Hoc|iPhone.Build.0 = Ad-Hoc|iPhone
		{D6333B5C-F153-4ED8-BC15-B29ABB93306C}.Ad-Hoc|iPhoneSimulator.ActiveCfg = Ad-Hoc|iPhoneSimulator
		{D6333B5C-F153-4ED8-BC15-B29ABB93306C}.Ad-Hoc|iPhoneSimulator.Build.0 = Ad-Hoc|iPhoneSimulator
		{D6333B5C-F153-4ED8-BC15-B29ABB93306C}.Ad-Hoc|x64.ActiveCfg = Ad-Hoc|iPhone
		{D6333B5C-F153-4ED8-BC15-B29ABB93306C}.Ad-Hoc|x86.ActiveCfg = Ad-Hoc|iPhone
		{D6333B5C-F153-4ED8-BC15-B29ABB93306C}.AppStore|Any CPU.ActiveCfg = AppStore|iPhone
		{D6333B5C-F153-4ED8-BC15-B29ABB93306C}.AppStore|ARM.ActiveCfg = AppStore|iPhone
		{D6333B5C-F153-4ED8-BC15-B29ABB93306C}.AppStore|iPhone.ActiveCfg = AppStore|iPhone
		{D6333B5C-F153-4ED8-BC15-B29ABB93306C}.AppStore|iPhone.Build.0 = AppStore|iPhone
		{D6333B5C-F153-4ED8-BC15-B29ABB93306C}.AppStore|iPhoneSimulator.ActiveCfg = AppStore|iPhoneSimulator
		{D6333B5C-F153-4ED8-BC15-B29ABB93306C}.AppStore|iPhoneSimulator.Build.0 = AppStore|iPhoneSimulator
		{D6333B5C-F153-4ED8-BC15-B29ABB93306C}.AppStore|x64.ActiveCfg = AppStore|iPhone
		{D6333B5C-F153-4ED8-BC15-B29ABB93306C}.AppStore|x86.ActiveCfg = AppStore|iPhone
		{D6333B5C-F153-4ED8-BC15-B29ABB93306C}.Debug|Any CPU.ActiveCfg = Debug|iPhone
		{D6333B5C-F153-4ED8-BC15-B29ABB93306C}.Debug|ARM.ActiveCfg = Debug|iPhone
		{D6333B5C-F153-4ED8-BC15-B29ABB93306C}.Debug|iPhone.ActiveCfg = Debug|iPhone
		{D6333B5C-F153-4ED8-BC15-B29ABB93306C}.Debug|iPhone.Build.0 = Debug|iPhone
		{D6333B5C-F153-4ED8-BC15-B29ABB93306C}.Debug|iPhoneSimulator.ActiveCfg = Debug|iPhoneSimulator
		{D6333B5C-F153-4ED8-BC15-B29ABB93306C}.Debug|iPhoneSimulator.Build.0 = Debug|iPhoneSimulator
		{D6333B5C-F153-4ED8-BC15-B29ABB93306C}.Debug|x64.ActiveCfg = Debug|iPhone
		{D6333B5C-F153-4ED8-BC15-B29ABB93306C}.Debug|x86.ActiveCfg = Debug|iPhone
		{D6333B5C-F153-4ED8-BC15-B29ABB93306C}.Release|Any CPU.ActiveCfg = Release|iPhone
		{D6333B5C-F153-4ED8-BC15-B29ABB93306C}.Release|ARM.ActiveCfg = Release|iPhone
		{D6333B5C-F153-4ED8-BC15-B29ABB93306C}.Release|iPhone.ActiveCfg = Release|iPhone
		{D6333B5C-F153-4ED8-BC15-B29ABB93306C}.Release|iPhone.Build.0 = Release|iPhone
		{D6333B5C-F153-4ED8-BC15-B29ABB93306C}.Release|iPhoneSimulator.ActiveCfg = Release|iPhoneSimulator
		{D6333B5C-F153-4ED8-BC15-B29ABB93306C}.Release|iPhoneSimulator.Build.0 = Release|iPhoneSimulator
		{D6333B5C-F153-4ED8-BC15-B29ABB93306C}.Release|x64.ActiveCfg = Release|iPhone
		{D6333B5C-F153-4ED8-BC15-B29ABB93306C}.Release|x86.ActiveCfg = Release|iPhone
		{5D09FDE3-458F-434E-AC95-19A8C6A0387E}.Ad-Hoc|Any CPU.ActiveCfg = Release|Any CPU
		{5D09FDE3-458F-434E-AC95-19A8C6A0387E}.Ad-Hoc|Any CPU.Build.0 = Release|Any CPU
		{5D09FDE3-458F-434E-AC95-19A8C6A0387E}.Ad-Hoc|Any CPU.Deploy.0 = Release|Any CPU
		{5D09FDE3-458F-434E-AC95-19A8C6A0387E}.Ad-Hoc|ARM.ActiveCfg = Release|ARM
		{5D09FDE3-458F-434E-AC95-19A8C6A0387E}.Ad-Hoc|ARM.Build.0 = Release|ARM
		{5D09FDE3-458F-434E-AC95-19A8C6A0387E}.Ad-Hoc|ARM.Deploy.0 = Release|ARM
		{5D09FDE3-458F-434E-AC95-19A8C6A0387E}.Ad-Hoc|iPhone.ActiveCfg = Release|Any CPU
		{5D09FDE3-458F-434E-AC95-19A8C6A0387E}.Ad-Hoc|iPhone.Build.0 = Release|Any CPU
		{5D09FDE3-458F-434E-AC95-19A8C6A0387E}.Ad-Hoc|iPhone.Deploy.0 = Release|Any CPU
		{5D09FDE3-458F-434E-AC95-19A8C6A0387E}.Ad-Hoc|iPhoneSimulator.ActiveCfg = Release|Any CPU
		{5D09FDE3-458F-434E-AC95-19A8C6A0387E}.Ad-Hoc|iPhoneSimulator.Build.0 = Release|Any CPU
		{5D09FDE3-458F-434E-AC95-19A8C6A0387E}.Ad-Hoc|iPhoneSimulator.Deploy.0 = Release|Any CPU
		{5D09FDE3-458F-434E-AC95-19A8C6A0387E}.Ad-Hoc|x64.ActiveCfg = Release|Any CPU
		{5D09FDE3-458F-434E-AC95-19A8C6A0387E}.Ad-Hoc|x64.Build.0 = Release|Any CPU
		{5D09FDE3-458F-434E-AC95-19A8C6A0387E}.Ad-Hoc|x64.Deploy.0 = Release|Any CPU
		{5D09FDE3-458F-434E-AC95-19A8C6A0387E}.Ad-Hoc|x86.ActiveCfg = Release|x86
		{5D09FDE3-458F-434E-AC95-19A8C6A0387E}.Ad-Hoc|x86.Build.0 = Release|x86
		{5D09FDE3-458F-434E-AC95-19A8C6A0387E}.Ad-Hoc|x86.Deploy.0 = Release|x86
		{5D09FDE3-458F-434E-AC95-19A8C6A0387E}.AppStore|Any CPU.ActiveCfg = Release|Any CPU
		{5D09FDE3-458F-434E-AC95-19A8C6A0387E}.AppStore|Any CPU.Build.0 = Release|Any CPU
		{5D09FDE3-458F-434E-AC95-19A8C6A0387E}.AppStore|Any CPU.Deploy.0 = Release|Any CPU
		{5D09FDE3-458F-434E-AC95-19A8C6A0387E}.AppStore|ARM.ActiveCfg = Release|ARM
		{5D09FDE3-458F-434E-AC95-19A8C6A0387E}.AppStore|ARM.Build.0 = Release|ARM
		{5D09FDE3-458F-434E-AC95-19A8C6A0387E}.AppStore|ARM.Deploy.0 = Release|ARM
		{5D09FDE3-458F-434E-AC95-19A8C6A0387E}.AppStore|iPhone.ActiveCfg = Release|Any CPU
		{5D09FDE3-458F-434E-AC95-19A8C6A0387E}.AppStore|iPhone.Build.0 = Release|Any CPU
		{5D09FDE3-458F-434E-AC95-19A8C6A0387E}.AppStore|iPhone.Deploy.0 = Release|Any CPU
		{5D09FDE3-458F-434E-AC95-19A8C6A0387E}.AppStore|iPhoneSimulator.ActiveCfg = Release|Any CPU
		{5D09FDE3-458F-434E-AC95-19A8C6A0387E}.AppStore|iPhoneSimulator.Build.0 = Release|Any CPU
		{5D09FDE3-458F-434E-AC95-19A8C6A0387E}.AppStore|iPhoneSimulator.Deploy.0 = Release|Any CPU
		{5D09FDE3-458F-434E-AC95-19A8C6A0387E}.AppStore|x64.ActiveCfg = Release|Any CPU
		{5D09FDE3-458F-434E-AC95-19A8C6A0387E}.AppStore|x64.Build.0 = Release|Any CPU
		{5D09FDE3-458F-434E-AC95-19A8C6A0387E}.AppStore|x64.Deploy.0 = Release|Any CPU
		{5D09FDE3-458F-434E-AC95-19A8C6A0387E}.AppStore|x86.ActiveCfg = Release|x86
		{5D09FDE3-458F-434E-AC95-19A8C6A0387E}.AppStore|x86.Build.0 = Release|x86
		{5D09FDE3-458F-434E-AC95-19A8C6A0387E}.AppStore|x86.Deploy.0 = Release|x86
		{5D09FDE3-458F-434E-AC95-19A8C6A0387E}.Debug|Any CPU.ActiveCfg = Debug|Any CPU
		{5D09FDE3-458F-434E-AC95-19A8C6A0387E}.Debug|Any CPU.Build.0 = Debug|Any CPU
		{5D09FDE3-458F-434E-AC95-19A8C6A0387E}.Debug|Any CPU.Deploy.0 = Debug|Any CPU
		{5D09FDE3-458F-434E-AC95-19A8C6A0387E}.Debug|ARM.ActiveCfg = Debug|ARM
		{5D09FDE3-458F-434E-AC95-19A8C6A0387E}.Debug|ARM.Build.0 = Debug|ARM
		{5D09FDE3-458F-434E-AC95-19A8C6A0387E}.Debug|ARM.Deploy.0 = Debug|ARM
		{5D09FDE3-458F-434E-AC95-19A8C6A0387E}.Debug|iPhone.ActiveCfg = Debug|Any CPU
		{5D09FDE3-458F-434E-AC95-19A8C6A0387E}.Debug|iPhone.Build.0 = Debug|Any CPU
		{5D09FDE3-458F-434E-AC95-19A8C6A0387E}.Debug|iPhone.Deploy.0 = Debug|Any CPU
		{5D09FDE3-458F-434E-AC95-19A8C6A0387E}.Debug|iPhoneSimulator.ActiveCfg = Debug|Any CPU
		{5D09FDE3-458F-434E-AC95-19A8C6A0387E}.Debug|iPhoneSimulator.Build.0 = Debug|Any CPU
		{5D09FDE3-458F-434E-AC95-19A8C6A0387E}.Debug|iPhoneSimulator.Deploy.0 = Debug|Any CPU
		{5D09FDE3-458F-434E-AC95-19A8C6A0387E}.Debug|x64.ActiveCfg = Debug|Any CPU
		{5D09FDE3-458F-434E-AC95-19A8C6A0387E}.Debug|x64.Build.0 = Debug|Any CPU
		{5D09FDE3-458F-434E-AC95-19A8C6A0387E}.Debug|x64.Deploy.0 = Debug|Any CPU
		{5D09FDE3-458F-434E-AC95-19A8C6A0387E}.Debug|x86.ActiveCfg = Debug|x86
		{5D09FDE3-458F-434E-AC95-19A8C6A0387E}.Debug|x86.Build.0 = Debug|x86
		{5D09FDE3-458F-434E-AC95-19A8C6A0387E}.Debug|x86.Deploy.0 = Debug|x86
		{5D09FDE3-458F-434E-AC95-19A8C6A0387E}.Release|Any CPU.ActiveCfg = Release|Any CPU
		{5D09FDE3-458F-434E-AC95-19A8C6A0387E}.Release|Any CPU.Build.0 = Release|Any CPU
		{5D09FDE3-458F-434E-AC95-19A8C6A0387E}.Release|Any CPU.Deploy.0 = Release|Any CPU
		{5D09FDE3-458F-434E-AC95-19A8C6A0387E}.Release|ARM.ActiveCfg = Release|ARM
		{5D09FDE3-458F-434E-AC95-19A8C6A0387E}.Release|ARM.Build.0 = Release|ARM
		{5D09FDE3-458F-434E-AC95-19A8C6A0387E}.Release|ARM.Deploy.0 = Release|ARM
		{5D09FDE3-458F-434E-AC95-19A8C6A0387E}.Release|iPhone.ActiveCfg = Release|Any CPU
		{5D09FDE3-458F-434E-AC95-19A8C6A0387E}.Release|iPhone.Build.0 = Release|Any CPU
		{5D09FDE3-458F-434E-AC95-19A8C6A0387E}.Release|iPhone.Deploy.0 = Release|Any CPU
		{5D09FDE3-458F-434E-AC95-19A8C6A0387E}.Release|iPhoneSimulator.ActiveCfg = Release|Any CPU
		{5D09FDE3-458F-434E-AC95-19A8C6A0387E}.Release|iPhoneSimulator.Build.0 = Release|Any CPU
		{5D09FDE3-458F-434E-AC95-19A8C6A0387E}.Release|iPhoneSimulator.Deploy.0 = Release|Any CPU
		{5D09FDE3-458F-434E-AC95-19A8C6A0387E}.Release|x64.ActiveCfg = Release|Any CPU
		{5D09FDE3-458F-434E-AC95-19A8C6A0387E}.Release|x64.Build.0 = Release|Any CPU
		{5D09FDE3-458F-434E-AC95-19A8C6A0387E}.Release|x64.Deploy.0 = Release|Any CPU
		{5D09FDE3-458F-434E-AC95-19A8C6A0387E}.Release|x86.ActiveCfg = Release|x86
		{5D09FDE3-458F-434E-AC95-19A8C6A0387E}.Release|x86.Build.0 = Release|x86
		{5D09FDE3-458F-434E-AC95-19A8C6A0387E}.Release|x86.Deploy.0 = Release|x86
		{DDBD24BE-69CF-4360-936A-1C74D84CD8C7}.Ad-Hoc|Any CPU.ActiveCfg = Release|Any CPU
		{DDBD24BE-69CF-4360-936A-1C74D84CD8C7}.Ad-Hoc|Any CPU.Build.0 = Release|Any CPU
		{DDBD24BE-69CF-4360-936A-1C74D84CD8C7}.Ad-Hoc|Any CPU.Deploy.0 = Release|Any CPU
		{DDBD24BE-69CF-4360-936A-1C74D84CD8C7}.Ad-Hoc|ARM.ActiveCfg = Release|ARM
		{DDBD24BE-69CF-4360-936A-1C74D84CD8C7}.Ad-Hoc|ARM.Build.0 = Release|ARM
		{DDBD24BE-69CF-4360-936A-1C74D84CD8C7}.Ad-Hoc|ARM.Deploy.0 = Release|ARM
		{DDBD24BE-69CF-4360-936A-1C74D84CD8C7}.Ad-Hoc|iPhone.ActiveCfg = Release|Any CPU
		{DDBD24BE-69CF-4360-936A-1C74D84CD8C7}.Ad-Hoc|iPhone.Build.0 = Release|Any CPU
		{DDBD24BE-69CF-4360-936A-1C74D84CD8C7}.Ad-Hoc|iPhone.Deploy.0 = Release|Any CPU
		{DDBD24BE-69CF-4360-936A-1C74D84CD8C7}.Ad-Hoc|iPhoneSimulator.ActiveCfg = Release|Any CPU
		{DDBD24BE-69CF-4360-936A-1C74D84CD8C7}.Ad-Hoc|iPhoneSimulator.Build.0 = Release|Any CPU
		{DDBD24BE-69CF-4360-936A-1C74D84CD8C7}.Ad-Hoc|iPhoneSimulator.Deploy.0 = Release|Any CPU
		{DDBD24BE-69CF-4360-936A-1C74D84CD8C7}.Ad-Hoc|x64.ActiveCfg = Release|x64
		{DDBD24BE-69CF-4360-936A-1C74D84CD8C7}.Ad-Hoc|x64.Build.0 = Release|x64
		{DDBD24BE-69CF-4360-936A-1C74D84CD8C7}.Ad-Hoc|x64.Deploy.0 = Release|x64
		{DDBD24BE-69CF-4360-936A-1C74D84CD8C7}.Ad-Hoc|x86.ActiveCfg = Release|x86
		{DDBD24BE-69CF-4360-936A-1C74D84CD8C7}.Ad-Hoc|x86.Build.0 = Release|x86
		{DDBD24BE-69CF-4360-936A-1C74D84CD8C7}.Ad-Hoc|x86.Deploy.0 = Release|x86
		{DDBD24BE-69CF-4360-936A-1C74D84CD8C7}.AppStore|Any CPU.ActiveCfg = Release|Any CPU
		{DDBD24BE-69CF-4360-936A-1C74D84CD8C7}.AppStore|Any CPU.Build.0 = Release|Any CPU
		{DDBD24BE-69CF-4360-936A-1C74D84CD8C7}.AppStore|Any CPU.Deploy.0 = Release|Any CPU
		{DDBD24BE-69CF-4360-936A-1C74D84CD8C7}.AppStore|ARM.ActiveCfg = Release|ARM
		{DDBD24BE-69CF-4360-936A-1C74D84CD8C7}.AppStore|ARM.Build.0 = Release|ARM
		{DDBD24BE-69CF-4360-936A-1C74D84CD8C7}.AppStore|ARM.Deploy.0 = Release|ARM
		{DDBD24BE-69CF-4360-936A-1C74D84CD8C7}.AppStore|iPhone.ActiveCfg = Release|Any CPU
		{DDBD24BE-69CF-4360-936A-1C74D84CD8C7}.AppStore|iPhone.Build.0 = Release|Any CPU
		{DDBD24BE-69CF-4360-936A-1C74D84CD8C7}.AppStore|iPhone.Deploy.0 = Release|Any CPU
		{DDBD24BE-69CF-4360-936A-1C74D84CD8C7}.AppStore|iPhoneSimulator.ActiveCfg = Release|Any CPU
		{DDBD24BE-69CF-4360-936A-1C74D84CD8C7}.AppStore|iPhoneSimulator.Build.0 = Release|Any CPU
		{DDBD24BE-69CF-4360-936A-1C74D84CD8C7}.AppStore|iPhoneSimulator.Deploy.0 = Release|Any CPU
		{DDBD24BE-69CF-4360-936A-1C74D84CD8C7}.AppStore|x64.ActiveCfg = Release|x64
		{DDBD24BE-69CF-4360-936A-1C74D84CD8C7}.AppStore|x64.Build.0 = Release|x64
		{DDBD24BE-69CF-4360-936A-1C74D84CD8C7}.AppStore|x64.Deploy.0 = Release|x64
		{DDBD24BE-69CF-4360-936A-1C74D84CD8C7}.AppStore|x86.ActiveCfg = Release|x86
		{DDBD24BE-69CF-4360-936A-1C74D84CD8C7}.AppStore|x86.Build.0 = Release|x86
		{DDBD24BE-69CF-4360-936A-1C74D84CD8C7}.AppStore|x86.Deploy.0 = Release|x86
		{DDBD24BE-69CF-4360-936A-1C74D84CD8C7}.Debug|Any CPU.ActiveCfg = Debug|Any CPU
		{DDBD24BE-69CF-4360-936A-1C74D84CD8C7}.Debug|Any CPU.Build.0 = Debug|Any CPU
		{DDBD24BE-69CF-4360-936A-1C74D84CD8C7}.Debug|Any CPU.Deploy.0 = Debug|Any CPU
		{DDBD24BE-69CF-4360-936A-1C74D84CD8C7}.Debug|ARM.ActiveCfg = Debug|ARM
		{DDBD24BE-69CF-4360-936A-1C74D84CD8C7}.Debug|ARM.Build.0 = Debug|ARM
		{DDBD24BE-69CF-4360-936A-1C74D84CD8C7}.Debug|ARM.Deploy.0 = Debug|ARM
		{DDBD24BE-69CF-4360-936A-1C74D84CD8C7}.Debug|iPhone.ActiveCfg = Debug|Any CPU
		{DDBD24BE-69CF-4360-936A-1C74D84CD8C7}.Debug|iPhone.Build.0 = Debug|Any CPU
		{DDBD24BE-69CF-4360-936A-1C74D84CD8C7}.Debug|iPhone.Deploy.0 = Debug|Any CPU
		{DDBD24BE-69CF-4360-936A-1C74D84CD8C7}.Debug|iPhoneSimulator.ActiveCfg = Debug|Any CPU
		{DDBD24BE-69CF-4360-936A-1C74D84CD8C7}.Debug|iPhoneSimulator.Build.0 = Debug|Any CPU
		{DDBD24BE-69CF-4360-936A-1C74D84CD8C7}.Debug|iPhoneSimulator.Deploy.0 = Debug|Any CPU
		{DDBD24BE-69CF-4360-936A-1C74D84CD8C7}.Debug|x64.ActiveCfg = Debug|x64
		{DDBD24BE-69CF-4360-936A-1C74D84CD8C7}.Debug|x64.Build.0 = Debug|x64
		{DDBD24BE-69CF-4360-936A-1C74D84CD8C7}.Debug|x64.Deploy.0 = Debug|x64
		{DDBD24BE-69CF-4360-936A-1C74D84CD8C7}.Debug|x86.ActiveCfg = Debug|x86
		{DDBD24BE-69CF-4360-936A-1C74D84CD8C7}.Debug|x86.Build.0 = Debug|x86
		{DDBD24BE-69CF-4360-936A-1C74D84CD8C7}.Debug|x86.Deploy.0 = Debug|x86
		{DDBD24BE-69CF-4360-936A-1C74D84CD8C7}.Release|Any CPU.ActiveCfg = Release|Any CPU
		{DDBD24BE-69CF-4360-936A-1C74D84CD8C7}.Release|Any CPU.Build.0 = Release|Any CPU
		{DDBD24BE-69CF-4360-936A-1C74D84CD8C7}.Release|Any CPU.Deploy.0 = Release|Any CPU
		{DDBD24BE-69CF-4360-936A-1C74D84CD8C7}.Release|ARM.ActiveCfg = Release|ARM
		{DDBD24BE-69CF-4360-936A-1C74D84CD8C7}.Release|ARM.Build.0 = Release|ARM
		{DDBD24BE-69CF-4360-936A-1C74D84CD8C7}.Release|ARM.Deploy.0 = Release|ARM
		{DDBD24BE-69CF-4360-936A-1C74D84CD8C7}.Release|iPhone.ActiveCfg = Release|Any CPU
		{DDBD24BE-69CF-4360-936A-1C74D84CD8C7}.Release|iPhone.Build.0 = Release|Any CPU
		{DDBD24BE-69CF-4360-936A-1C74D84CD8C7}.Release|iPhone.Deploy.0 = Release|Any CPU
		{DDBD24BE-69CF-4360-936A-1C74D84CD8C7}.Release|iPhoneSimulator.ActiveCfg = Release|Any CPU
		{DDBD24BE-69CF-4360-936A-1C74D84CD8C7}.Release|iPhoneSimulator.Build.0 = Release|Any CPU
		{DDBD24BE-69CF-4360-936A-1C74D84CD8C7}.Release|iPhoneSimulator.Deploy.0 = Release|Any CPU
		{DDBD24BE-69CF-4360-936A-1C74D84CD8C7}.Release|x64.ActiveCfg = Release|x64
		{DDBD24BE-69CF-4360-936A-1C74D84CD8C7}.Release|x64.Build.0 = Release|x64
		{DDBD24BE-69CF-4360-936A-1C74D84CD8C7}.Release|x64.Deploy.0 = Release|x64
		{DDBD24BE-69CF-4360-936A-1C74D84CD8C7}.Release|x86.ActiveCfg = Release|x86
		{DDBD24BE-69CF-4360-936A-1C74D84CD8C7}.Release|x86.Build.0 = Release|x86
		{DDBD24BE-69CF-4360-936A-1C74D84CD8C7}.Release|x86.Deploy.0 = Release|x86
	EndGlobalSection
	GlobalSection(SolutionProperties) = preSolution
		HideSolutionNode = FALSE
	EndGlobalSection
EndGlobal
